
Microsoft Visual Studio Solution File, Format Version 12.00
# Visual Studio Version 17
VisualStudioVersion = 17.0.31912.275
MinimumVisualStudioVersion = 10.0.40219.1
Project("{FAE04EC0-301F-11D3-BF4B-00C04F79EFBC}") = "RPSLS_C", "RPSLS_C\RPSLS_C.csproj", "{7181D84E-A1C3-475B-A34E-DFE26F3A5FDC}"
EndProject
Global
	GlobalSection(SolutionConfigurationPlatforms) = preSolution
		Debug|Any CPU = Debug|Any CPU
		Release|Any CPU = Release|Any CPU
	EndGlobalSection
	GlobalSection(ProjectConfigurationPlatforms) = postSolution
		{7181D84E-A1C3-475B-A34E-DFE26F3A5FDC}.Debug|Any CPU.ActiveCfg = Debug|Any CPU
		{7181D84E-A1C3-475B-A34E-DFE26F3A5FDC}.Debug|Any CPU.Build.0 = Debug|Any CPU
		{7181D84E-A1C3-475B-A34E-DFE26F3A5FDC}.Release|Any CPU.ActiveCfg = Release|Any CPU
		{7181D84E-A1C3-475B-A34E-DFE26F3A5FDC}.Release|Any CPU.Build.0 = Release|Any CPU
	EndGlobalSection
	GlobalSection(SolutionProperties) = preSolution
		HideSolutionNode = FALSE
	EndGlobalSection
	GlobalSection(ExtensibilityGlobals) = postSolution
		SolutionGuid = {9B0F8CB9-065C-4FC3-8ED4-BB1ED8C72C0F}
	EndGlobalSection
EndGlobal
